
Microsoft Visual Studio Solution File, Format Version 12.00
# Visual Studio Version 17
VisualStudioVersion = 17.6.33513.286
MinimumVisualStudioVersion = 10.0.40219.1
Project("{FAE04EC0-301F-11D3-BF4B-00C04F79EFBC}") = "App2", "App2\App2.csproj", "{47C74767-2AC2-4B04-A27B-3CF47AA5B639}"
EndProject
Global
	GlobalSection(SolutionConfigurationPlatforms) = preSolution
		Debug|Any CPU = Debug|Any CPU
		Release|Any CPU = Release|Any CPU
	EndGlobalSection
	GlobalSection(ProjectConfigurationPlatforms) = postSolution
		{47C74767-2AC2-4B04-A27B-3CF47AA5B639}.Debug|Any CPU.ActiveCfg = Debug|Any CPU
		{47C74767-2AC2-4B04-A27B-3CF47AA5B639}.Debug|Any CPU.Build.0 = Debug|Any CPU
		{47C74767-2AC2-4B04-A27B-3CF47AA5B639}.Debug|Any CPU.Deploy.0 = Debug|Any CPU
		{47C74767-2AC2-4B04-A27B-3CF47AA5B639}.Release|Any CPU.ActiveCfg = Release|Any CPU
		{47C74767-2AC2-4B04-A27B-3CF47AA5B639}.Release|Any CPU.Build.0 = Release|Any CPU
		{47C74767-2AC2-4B04-A27B-3CF47AA5B639}.Release|Any CPU.Deploy.0 = Release|Any CPU
	EndGlobalSection
	GlobalSection(SolutionProperties) = preSolution
		HideSolutionNode = FALSE
	EndGlobalSection
	GlobalSection(ExtensibilityGlobals) = postSolution
		SolutionGuid = {001CAE10-F257-43BE-BC0C-A43ADE2A0BD0}
	EndGlobalSection
EndGlobal
